{
  "object": {
    "pins": [
      {
        "package": "SwiftProtobuf",
        "repositoryURL": "https://github.com/apple/swift-protobuf.git",
        "state": {
          "branch": null,
          "revision": "da9a52be9cd36c63993291ce3f1b65dafcd1e826",
          "version": "1.14.0"
        }
      },
      {
        "package": "SwiftCoroutine",
        "repositoryURL": "https://github.com/belozierov/SwiftCoroutine",
        "state": {
          "branch": null,
          "revision": "852de01bf167d33e1b6e1cc154c4dc1d559fccfa",
          "version": "2.1.9"
        }
      }
    ]
  },
  "version": 1
}
